// !$*UTF8*$!
{
	archiveVersion = 1;
	classes = {
	};
	objectVersion = 46;
	objects = {

/* Begin PBXBuildFile section */
		2B932BC31CA596BD00D409A0 /* AppDelegate.swift in Sources */ = {isa = PBXBuildFile; fileRef = 2B932BC21CA596BD00D409A0 /* AppDelegate.swift */; };
		2B932BC51CA596BD00D409A0 /* ViewController.swift in Sources */ = {isa = PBXBuildFile; fileRef = 2B932BC41CA596BD00D409A0 /* ViewController.swift */; };
		2B932BC81CA596BE00D409A0 /* Main.storyboard in Resources */ = {isa = PBXBuildFile; fileRef = 2B932BC61CA596BE00D409A0 /* Main.storyboard */; };
		2B932BCB1CA596BF00D409A0 /* ProgressBars.xcdatamodeld in Sources */ = {isa = PBXBuildFile; fileRef = 2B932BC91CA596BF00D409A0 /* ProgressBars.xcdatamodeld */; };
		2B932BCD1CA596C100D409A0 /* Assets.xcassets in Resources */ = {isa = PBXBuildFile; fileRef = 2B932BCC1CA596C100D409A0 /* Assets.xcassets */; };
		2B932BD01CA596C100D409A0 /* LaunchScreen.storyboard in Resources */ = {isa = PBXBuildFile; fileRef = 2B932BCE1CA596C100D409A0 /* LaunchScreen.storyboard */; };
		2B932BD91CA5970A00D409A0 /* ProgressBar.swift in Sources */ = {isa = PBXBuildFile; fileRef = 2B932BD71CA5970A00D409A0 /* ProgressBar.swift */; };
		2B932BDA1CA5970A00D409A0 /* ProgressView.swift in Sources */ = {isa = PBXBuildFile; fileRef = 2B932BD81CA5970A00D409A0 /* ProgressView.swift */; };
		2B932BDC1CA5981800D409A0 /* InitializingProgressViews.swift in Sources */ = {isa = PBXBuildFile; fileRef = 2B932BDB1CA5981800D409A0 /* InitializingProgressViews.swift */; };
		2B932BE11CA598E200D409A0 /* TextFieldDelegate.swift in Sources */ = {isa = PBXBuildFile; fileRef = 2B932BE01CA598E200D409A0 /* TextFieldDelegate.swift */; };
		2B932BE61CA5A05100D409A0 /* AnimateProgressViews.swift in Sources */ = {isa = PBXBuildFile; fileRef = 2B932BE51CA5A05100D409A0 /* AnimateProgressViews.swift */; };
/* End PBXBuildFile section */

/* Begin PBXFileReference section */
		2B932BBF1CA596BD00D409A0 /* ProgressBars.app */ = {isa = PBXFileReference; explicitFileType = wrapper.application; includeInIndex = 0; path = ProgressBars.app; sourceTree = BUILT_PRODUCTS_DIR; };
		2B932BC21CA596BD00D409A0 /* AppDelegate.swift */ = {isa = PBXFileReference; lastKnownFileType = sourcecode.swift; path = AppDelegate.swift; sourceTree = "<group>"; };
		2B932BC41CA596BD00D409A0 /* ViewController.swift */ = {isa = PBXFileReference; lastKnownFileType = sourcecode.swift; path = ViewController.swift; sourceTree = "<group>"; };
		2B932BC71CA596BE00D409A0 /* Base */ = {isa = PBXFileReference; lastKnownFileType = file.storyboard; name = Base; path = Base.lproj/Main.storyboard; sourceTree = "<group>"; };
		2B932BCA1CA596BF00D409A0 /* ProgressBars.xcdatamodel */ = {isa = PBXFileReference; lastKnownFileType = wrapper.xcdatamodel; path = ProgressBars.xcdatamodel; sourceTree = "<group>"; };
		2B932BCC1CA596C100D409A0 /* Assets.xcassets */ = {isa = PBXFileReference; lastKnownFileType = folder.assetcatalog; path = Assets.xcassets; sourceTree = "<group>"; };
		2B932BCF1CA596C100D409A0 /* Base */ = {isa = PBXFileReference; lastKnownFileType = file.storyboard; name = Base; path = Base.lproj/LaunchScreen.storyboard; sourceTree = "<group>"; };
		2B932BD11CA596C200D409A0 /* Info.plist */ = {isa = PBXFileReference; lastKnownFileType = text.plist.xml; path = Info.plist; sourceTree = "<group>"; };
		2B932BD71CA5970A00D409A0 /* ProgressBar.swift */ = {isa = PBXFileReference; fileEncoding = 4; lastKnownFileType = sourcecode.swift; path = ProgressBar.swift; sourceTree = "<group>"; };
		2B932BD81CA5970A00D409A0 /* ProgressView.swift */ = {isa = PBXFileReference; fileEncoding = 4; lastKnownFileType = sourcecode.swift; path = ProgressView.swift; sourceTree = "<group>"; };
		2B932BDB1CA5981800D409A0 /* InitializingProgressViews.swift */ = {isa = PBXFileReference; fileEncoding = 4; lastKnownFileType = sourcecode.swift; path = InitializingProgressViews.swift; sourceTree = "<group>"; };
		2B932BE01CA598E200D409A0 /* TextFieldDelegate.swift */ = {isa = PBXFileReference; fileEncoding = 4; lastKnownFileType = sourcecode.swift; path = TextFieldDelegate.swift; sourceTree = "<group>"; };
		2B932BE51CA5A05100D409A0 /* AnimateProgressViews.swift */ = {isa = PBXFileReference; fileEncoding = 4; lastKnownFileType = sourcecode.swift; path = AnimateProgressViews.swift; sourceTree = "<group>"; };
/* End PBXFileReference section */

/* Begin PBXFrameworksBuildPhase section */
		2B932BBC1CA596BD00D409A0 /* Frameworks */ = {
			isa = PBXFrameworksBuildPhase;
			buildActionMask = 2147483647;
			files = (
			);
			runOnlyForDeploymentPostprocessing = 0;
		};
/* End PBXFrameworksBuildPhase section */

/* Begin PBXGroup section */
		2B932BB61CA596BC00D409A0 = {
			isa = PBXGroup;
			children = (
				2B932BC11CA596BD00D409A0 /* ProgressBars */,
				2B932BC01CA596BD00D409A0 /* Products */,
			);
			sourceTree = "<group>";
		};
		2B932BC01CA596BD00D409A0 /* Products */ = {
			isa = PBXGroup;
			children = (
				2B932BBF1CA596BD00D409A0 /* ProgressBars.app */,
			);
			name = Products;
			sourceTree = "<group>";
		};
		2B932BC11CA596BD00D409A0 /* ProgressBars */ = {
			isa = PBXGroup;
			children = (
				2B932BDE1CA5982900D409A0 /* ProgressViews */,
				2B932BC61CA596BE00D409A0 /* Main.storyboard */,
				2B932BC41CA596BD00D409A0 /* ViewController.swift */,
				2B932BDD1CA5981D00D409A0 /* MainFunctionality */,
				2B932BDF1CA5984200D409A0 /* System */,
			);
			path = ProgressBars;
			sourceTree = "<group>";
		};
		2B932BDD1CA5981D00D409A0 /* MainFunctionality */ = {
			isa = PBXGroup;
			children = (
				2B932BDB1CA5981800D409A0 /* InitializingProgressViews.swift */,
				2B932BE01CA598E200D409A0 /* TextFieldDelegate.swift */,
				2B932BE51CA5A05100D409A0 /* AnimateProgressViews.swift */,
			);
			name = MainFunctionality;
			sourceTree = "<group>";
		};
		2B932BDE1CA5982900D409A0 /* ProgressViews */ = {
			isa = PBXGroup;
			children = (
				2B932BD71CA5970A00D409A0 /* ProgressBar.swift */,
				2B932BD81CA5970A00D409A0 /* ProgressView.swift */,
			);
			name = ProgressViews;
			sourceTree = "<group>";
		};
		2B932BDF1CA5984200D409A0 /* System */ = {
			isa = PBXGroup;
			children = (
				2B932BC21CA596BD00D409A0 /* AppDelegate.swift */,
				2B932BCC1CA596C100D409A0 /* Assets.xcassets */,
				2B932BCE1CA596C100D409A0 /* LaunchScreen.storyboard */,
				2B932BD11CA596C200D409A0 /* Info.plist */,
				2B932BC91CA596BF00D409A0 /* ProgressBars.xcdatamodeld */,
			);
			name = System;
			sourceTree = "<group>";
		};
/* End PBXGroup section */

/* Begin PBXNativeTarget section */
		2B932BBE1CA596BD00D409A0 /* ProgressBars */ = {
			isa = PBXNativeTarget;
			buildConfigurationList = 2B932BD41CA596C200D409A0 /* Build configuration list for PBXNativeTarget "ProgressBars" */;
			buildPhases = (
				2B932BBB1CA596BD00D409A0 /* Sources */,
				2B932BBC1CA596BD00D409A0 /* Frameworks */,
				2B932BBD1CA596BD00D409A0 /* Resources */,
			);
			buildRules = (
			);
			dependencies = (
			);
			name = ProgressBars;
			productName = ProgressBars;
			productReference = 2B932BBF1CA596BD00D409A0 /* ProgressBars.app */;
			productType = "com.apple.product-type.application";
		};
/* End PBXNativeTarget section */

/* Begin PBXProject section */
		2B932BB71CA596BC00D409A0 /* Project object */ = {
			isa = PBXProject;
			attributes = {
				LastSwiftUpdateCheck = 0720;
				LastUpgradeCheck = 0720;
				ORGANIZATIONNAME = Montchat;
				TargetAttributes = {
					2B932BBE1CA596BD00D409A0 = {
						CreatedOnToolsVersion = 7.2.1;
					};
				};
			};
			buildConfigurationList = 2B932BBA1CA596BC00D409A0 /* Build configuration list for PBXProject "ProgressBars" */;
			compatibilityVersion = "Xcode 3.2";
			developmentRegion = English;
			hasScannedForEncodings = 0;
			knownRegions = (
				en,
				Base,
			);
			mainGroup = 2B932BB61CA596BC00D409A0;
			productRefGroup = 2B932BC01CA596BD00D409A0 /* Products */;
			projectDirPath = "";
			projectRoot = "";
			targets = (
				2B932BBE1CA596BD00D409A0 /* ProgressBars */,
			);
		};
/* End PBXProject section */

/* Begin PBXResourcesBuildPhase section */
		2B932BBD1CA596BD00D409A0 /* Resources */ = {
			isa = PBXResourcesBuildPhase;
			buildActionMask = 2147483647;
			files = (
				2B932BD01CA596C100D409A0 /* LaunchScreen.storyboard in Resources */,
				2B932BCD1CA596C100D409A0 /* Assets.xcassets in Resources */,
				2B932BC81CA596BE00D409A0 /* Main.storyboard in Resources */,
			);
			runOnlyForDeploymentPostprocessing = 0;
		};
/* End PBXResourcesBuildPhase section */

/* Begin PBXSourcesBuildPhase section */
		2B932BBB1CA596BD00D409A0 /* Sources */ = {
			isa = PBXSourcesBuildPhase;
			buildActionMask = 2147483647;
			files = (
				2B932BC51CA596BD00D409A0 /* ViewController.swift in Sources */,
				2B932BC31CA596BD00D409A0 /* AppDelegate.swift in Sources */,
				2B932BDA1CA5970A00D409A0 /* ProgressView.swift in Sources */,
				2B932BE11CA598E200D409A0 /* TextFieldDelegate.swift in Sources */,
				2B932BDC1CA5981800D409A0 /* InitializingProgressViews.swift in Sources */,
				2B932BE61CA5A05100D409A0 /* AnimateProgressViews.swift in Sources */,
				2B932BD91CA5970A00D409A0 /* ProgressBar.swift in Sources */,
				2B932BCB1CA596BF00D409A0 /* ProgressBars.xcdatamodeld in Sources */,
			);
			runOnlyForDeploymentPostprocessing = 0;
		};
/* End PBXSourcesBuildPhase section */

/* Begin PBXVariantGroup section */
		2B932BC61CA596BE00D409A0 /* Main.storyboard */ = {
			isa = PBXVariantGroup;
			children = (
				2B932BC71CA596BE00D409A0 /* Base */,
			);
			name = Main.storyboard;
			sourceTree = "<group>";
		};
		2B932BCE1CA596C100D409A0 /* LaunchScreen.storyboard */ = {
			isa = PBXVariantGroup;
			children = (
				2B932BCF1CA596C100D409A0 /* Base */,
			);
			name = LaunchScreen.storyboard;
			sourceTree = "<group>";
		};
/* End PBXVariantGroup section */

/* Begin XCBuildConfiguration section */
		2B932BD21CA596C200D409A0 /* Debug */ = {
			isa = XCBuildConfiguration;
			buildSettings = {
				ALWAYS_SEARCH_USER_PATHS = NO;
				CLANG_CXX_LANGUAGE_STANDARD = "gnu++0x";
				CLANG_CXX_LIBRARY = "libc++";
				CLANG_ENABLE_MODULES = YES;
				CLANG_ENABLE_OBJC_ARC = YES;
				CLANG_WARN_BOOL_CONVERSION = YES;
				CLANG_WARN_CONSTANT_CONVERSION = YES;
				CLANG_WARN_DIRECT_OBJC_ISA_USAGE = YES_ERROR;
				CLANG_WARN_EMPTY_BODY = YES;
				CLANG_WARN_ENUM_CONVERSION = YES;
				CLANG_WARN_INT_CONVERSION = YES;
				CLANG_WARN_OBJC_ROOT_CLASS = YES_ERROR;
				CLANG_WARN_UNREACHABLE_CODE = YES;
				CLANG_WARN__DUPLICATE_METHOD_MATCH = YES;
				"CODE_SIGN_IDENTITY[sdk=iphoneos*]" = "iPhone Developer";
				COPY_PHASE_STRIP = NO;
				DEBUG_INFORMATION_FORMAT = dwarf;
				ENABLE_STRICT_OBJC_MSGSEND = YES;
				ENABLE_TESTABILITY = YES;
				GCC_C_LANGUAGE_STANDARD = gnu99;
				GCC_DYNAMIC_NO_PIC = NO;
				GCC_NO_COMMON_BLOCKS = YES;
				GCC_OPTIMIZATION_LEVEL = 0;
				GCC_PREPROCESSOR_DEFINITIONS = (
					"DEBUG=1",
					"$(inherited)",
				);
				GCC_WARN_64_TO_32_BIT_CONVERSION = YES;
				GCC_WARN_ABOUT_RETURN_TYPE = YES_ERROR;
				GCC_WARN_UNDECLARED_SELECTOR = YES;
				GCC_WARN_UNINITIALIZED_AUTOS = YES_AGGRESSIVE;
				GCC_WARN_UNUSED_FUNCTION = YES;
				GCC_WARN_UNUSED_VARIABLE = YES;
				IPHONEOS_DEPLOYMENT_TARGET = 9.2;
				MTL_ENABLE_DEBUG_INFO = YES;
				ONLY_ACTIVE_ARCH = YES;
				SDKROOT = iphoneos;
				SWIFT_OPTIMIZATION_LEVEL = "-Onone";
			};
			name = Debug;
		};
		2B932BD31CA596C200D409A0 /* Release */ = {
			isa = XCBuildConfiguration;
			buildSettings = {
				ALWAYS_SEARCH_USER_PATHS = NO;
				CLANG_CXX_LANGUAGE_STANDARD = "gnu++0x";
				CLANG_CXX_LIBRARY = "libc++";
				CLANG_ENABLE_MODULES = YES;
				CLANG_ENABLE_OBJC_ARC = YES;
				CLANG_WARN_BOOL_CONVERSION = YES;
				CLANG_WARN_CONSTANT_CONVERSION = YES;
				CLANG_WARN_DIRECT_OBJC_ISA_USAGE = YES_ERROR;
				CLANG_WARN_EMPTY_BODY = YES;
				CLANG_WARN_ENUM_CONVERSION = YES;
				CLANG_WARN_INT_CONVERSION = YES;
				CLANG_WARN_OBJC_ROOT_CLASS = YES_ERROR;
				CLANG_WARN_UNREACHABLE_CODE = YES;
				CLANG_WARN__DUPLICATE_METHOD_MATCH = YES;
				"CODE_SIGN_IDENTITY[sdk=iphoneos*]" = "iPhone Developer";
				COPY_PHASE_STRIP = NO;
				DEBUG_INFORMATION_FORMAT = "dwarf-with-dsym";
				ENABLE_NS_ASSERTIONS = NO;
				ENABLE_STRICT_OBJC_MSGSEND = YES;
				GCC_C_LANGUAGE_STANDARD = gnu99;
				GCC_NO_COMMON_BLOCKS = YES;
				GCC_WARN_64_TO_32_BIT_CONVERSION = YES;
				GCC_WARN_ABOUT_RETURN_TYPE = YES_ERROR;
				GCC_WARN_UNDECLARED_SELECTOR = YES;
				GCC_WARN_UNINITIALIZED_AUTOS = YES_AGGRESSIVE;
				GCC_WARN_UNUSED_FUNCTION = YES;
				GCC_WARN_UNUSED_VARIABLE = YES;
				IPHONEOS_DEPLOYMENT_TARGET = 9.2;
				MTL_ENABLE_DEBUG_INFO = NO;
				SDKROOT = iphoneos;
				VALIDATE_PRODUCT = YES;
			};
			name = Release;
		};
		2B932BD51CA596C200D409A0 /* Debug */ = {
			isa = XCBuildConfiguration;
			buildSettings = {
				ASSETCATALOG_COMPILER_APPICON_NAME = AppIcon;
				INFOPLIST_FILE = ProgressBars/Info.plist;
				LD_RUNPATH_SEARCH_PATHS = "$(inherited) @executable_path/Frameworks";
				PRODUCT_BUNDLE_IDENTIFIER = com.Montchat.ProgressBars;
				PRODUCT_NAME = "$(TARGET_NAME)";
			};
			name = Debug;
		};
		2B932BD61CA596C200D409A0 /* Release */ = {
			isa = XCBuildConfiguration;
			buildSettings = {
				ASSETCATALOG_COMPILER_APPICON_NAME = AppIcon;
				INFOPLIST_FILE = ProgressBars/Info.plist;
				LD_RUNPATH_SEARCH_PATHS = "$(inherited) @executable_path/Frameworks";
				PRODUCT_BUNDLE_IDENTIFIER = com.Montchat.ProgressBars;
				PRODUCT_NAME = "$(TARGET_NAME)";
			};
			name = Release;
		};
/* End XCBuildConfiguration section */

/* Begin XCConfigurationList section */
		2B932BBA1CA596BC00D409A0 /* Build configuration list for PBXProject "ProgressBars" */ = {
			isa = XCConfigurationList;
			buildConfigurations = (
				2B932BD21CA596C200D409A0 /* Debug */,
				2B932BD31CA596C200D409A0 /* Release */,
			);
			defaultConfigurationIsVisible = 0;
			defaultConfigurationName = Release;
		};
		2B932BD41CA596C200D409A0 /* Build configuration list for PBXNativeTarget "ProgressBars" */ = {
			isa = XCConfigurationList;
			buildConfigurations = (
				2B932BD51CA596C200D409A0 /* Debug */,
				2B932BD61CA596C200D409A0 /* Release */,
			);
			defaultConfigurationIsVisible = 0;
			defaultConfigurationName = Release;
		};
/* End XCConfigurationList section */

/* Begin XCVersionGroup section */
		2B932BC91CA596BF00D409A0 /* ProgressBars.xcdatamodeld */ = {
			isa = XCVersionGroup;
			children = (
				2B932BCA1CA596BF00D409A0 /* ProgressBars.xcdatamodel */,
			);
			currentVersion = 2B932BCA1CA596BF00D409A0 /* ProgressBars.xcdatamodel */;
			path = ProgressBars.xcdatamodeld;
			sourceTree = "<group>";
			versionGroupType = wrapper.xcdatamodel;
		};
/* End XCVersionGroup section */
	};
	rootObject = 2B932BB71CA596BC00D409A0 /* Project object */;
}
